
Microsoft Visual Studio Solution File, Format Version 12.00
# Visual Studio Version 16
VisualStudioVersion = 16.0.30804.86
MinimumVisualStudioVersion = 10.0.40219.1
Project("{9A19103F-16F7-4668-BE54-9A1E7A4F7556}") = "UserInterface", "src\UserInterface\UserInterface.csproj", "{9BD9DFCE-6CF9-4141-87CB-DCC0A5EA7454}"
EndProject
Project("{2150E333-8FDC-42A3-9474-1A3956D46DE8}") = "tests", "tests", "{A0A1D85E-9EF8-4AD9-982E-C01D20CC494A}"
EndProject
Project("{2150E333-8FDC-42A3-9474-1A3956D46DE8}") = "lib", "lib", "{319811F4-0CE9-4B4C-956C-9691A587C04E}"
EndProject
Project("{9A19103F-16F7-4668-BE54-9A1E7A4F7556}") = "Domain", "src\Domain\Domain.csproj", "{0065B1B8-AED4-4A54-BEFD-BB3566A3CF48}"
EndProject
Project("{9A19103F-16F7-4668-BE54-9A1E7A4F7556}") = "Infrastructure", "src\Infrastructure\Infrastructure.csproj", "{F2EF19C9-B270-4040-B001-38D52DE0E27D}"
EndProject
Project("{9A19103F-16F7-4668-BE54-9A1E7A4F7556}") = "McMaster.Extensions.CommandLineUtils", "lib\CommandLineUtils\src\CommandLineUtils\McMaster.Extensions.CommandLineUtils.csproj", "{F79477D3-2788-4E81-B593-5C951C572323}"
EndProject
Project("{2150E333-8FDC-42A3-9474-1A3956D46DE8}") = "Solution Items", "Solution Items", "{75073FAF-0FDE-4C48-B9E7-0C595D9816E4}"
	ProjectSection(SolutionItems) = preProject
		.editorconfig = .editorconfig
		README.md = README.md
		WeatherApp.DotSettings = WeatherApp.DotSettings
	EndProjectSection
EndProject
Project("{9A19103F-16F7-4668-BE54-9A1E7A4F7556}") = "McMaster.Extensions.Hosting.CommandLine", "lib\CommandLineUtils\src\Hosting.CommandLine\McMaster.Extensions.Hosting.CommandLine.csproj", "{8ED8AE2A-A1E1-40BA-9268-0A6CD05F08B4}"
EndProject
Global
	GlobalSection(SolutionConfigurationPlatforms) = preSolution
		Debug|Any CPU = Debug|Any CPU
		Release|Any CPU = Release|Any CPU
	EndGlobalSection
	GlobalSection(ProjectConfigurationPlatforms) = postSolution
		{9BD9DFCE-6CF9-4141-87CB-DCC0A5EA7454}.Debug|Any CPU.ActiveCfg = Debug|Any CPU
		{9BD9DFCE-6CF9-4141-87CB-DCC0A5EA7454}.Debug|Any CPU.Build.0 = Debug|Any CPU
		{9BD9DFCE-6CF9-4141-87CB-DCC0A5EA7454}.Release|Any CPU.ActiveCfg = Release|Any CPU
		{9BD9DFCE-6CF9-4141-87CB-DCC0A5EA7454}.Release|Any CPU.Build.0 = Release|Any CPU
		{0065B1B8-AED4-4A54-BEFD-BB3566A3CF48}.Debug|Any CPU.ActiveCfg = Debug|Any CPU
		{0065B1B8-AED4-4A54-BEFD-BB3566A3CF48}.Debug|Any CPU.Build.0 = Debug|Any CPU
		{0065B1B8-AED4-4A54-BEFD-BB3566A3CF48}.Release|Any CPU.ActiveCfg = Release|Any CPU
		{0065B1B8-AED4-4A54-BEFD-BB3566A3CF48}.Release|Any CPU.Build.0 = Release|Any CPU
		{F2EF19C9-B270-4040-B001-38D52DE0E27D}.Debug|Any CPU.ActiveCfg = Debug|Any CPU
		{F2EF19C9-B270-4040-B001-38D52DE0E27D}.Debug|Any CPU.Build.0 = Debug|Any CPU
		{F2EF19C9-B270-4040-B001-38D52DE0E27D}.Release|Any CPU.ActiveCfg = Release|Any CPU
		{F2EF19C9-B270-4040-B001-38D52DE0E27D}.Release|Any CPU.Build.0 = Release|Any CPU
		{F79477D3-2788-4E81-B593-5C951C572323}.Debug|Any CPU.ActiveCfg = Debug|Any CPU
		{F79477D3-2788-4E81-B593-5C951C572323}.Debug|Any CPU.Build.0 = Debug|Any CPU
		{F79477D3-2788-4E81-B593-5C951C572323}.Release|Any CPU.ActiveCfg = Release|Any CPU
		{F79477D3-2788-4E81-B593-5C951C572323}.Release|Any CPU.Build.0 = Release|Any CPU
		{8ED8AE2A-A1E1-40BA-9268-0A6CD05F08B4}.Debug|Any CPU.ActiveCfg = Debug|Any CPU
		{8ED8AE2A-A1E1-40BA-9268-0A6CD05F08B4}.Debug|Any CPU.Build.0 = Debug|Any CPU
		{8ED8AE2A-A1E1-40BA-9268-0A6CD05F08B4}.Release|Any CPU.ActiveCfg = Release|Any CPU
		{8ED8AE2A-A1E1-40BA-9268-0A6CD05F08B4}.Release|Any CPU.Build.0 = Release|Any CPU
	EndGlobalSection
	GlobalSection(SolutionProperties) = preSolution
		HideSolutionNode = FALSE
	EndGlobalSection
	GlobalSection(NestedProjects) = preSolution
		{F79477D3-2788-4E81-B593-5C951C572323} = {319811F4-0CE9-4B4C-956C-9691A587C04E}
		{8ED8AE2A-A1E1-40BA-9268-0A6CD05F08B4} = {319811F4-0CE9-4B4C-956C-9691A587C04E}
	EndGlobalSection
	GlobalSection(ExtensibilityGlobals) = postSolution
		SolutionGuid = {DFCF11BA-5C5D-4195-B02F-7891F337301D}
	EndGlobalSection
EndGlobal
